
Microsoft Visual Studio Solution File, Format Version 12.00
# Visual Studio 14
VisualStudioVersion = 14.0.25420.1
MinimumVisualStudioVersion = 10.0.40219.1
Project("{FAE04EC0-301F-11D3-BF4B-00C04F79EFBC}") = "COM3D2.CategoryCreator.Patcher", "COM3D2.CategoryCreator\COM3D2.CategoryCreator.Patcher.csproj", "{A419A77E-13D0-4863-BC15-AFD34CE81C7B}"
EndProject
Project("{FAE04EC0-301F-11D3-BF4B-00C04F79EFBC}") = "COM3D2.CategoryCreator.Hook", "COM3D2.CategoryCreator.Hook\COM3D2.CategoryCreator.Hook.csproj", "{410253BE-946C-4C1F-8A77-CB788E1ABDE6}"
EndProject
Global
	GlobalSection(SolutionConfigurationPlatforms) = preSolution
		Debug|Any CPU = Debug|Any CPU
		Release|Any CPU = Release|Any CPU
	EndGlobalSection
	GlobalSection(ProjectConfigurationPlatforms) = postSolution
		{A419A77E-13D0-4863-BC15-AFD34CE81C7B}.Debug|Any CPU.ActiveCfg = Debug|Any CPU
		{A419A77E-13D0-4863-BC15-AFD34CE81C7B}.Debug|Any CPU.Build.0 = Debug|Any CPU
		{A419A77E-13D0-4863-BC15-AFD34CE81C7B}.Release|Any CPU.ActiveCfg = Release|Any CPU
		{A419A77E-13D0-4863-BC15-AFD34CE81C7B}.Release|Any CPU.Build.0 = Release|Any CPU
		{410253BE-946C-4C1F-8A77-CB788E1ABDE6}.Debug|Any CPU.ActiveCfg = Debug|Any CPU
		{410253BE-946C-4C1F-8A77-CB788E1ABDE6}.Debug|Any CPU.Build.0 = Debug|Any CPU
		{410253BE-946C-4C1F-8A77-CB788E1ABDE6}.Release|Any CPU.ActiveCfg = Release|Any CPU
		{410253BE-946C-4C1F-8A77-CB788E1ABDE6}.Release|Any CPU.Build.0 = Release|Any CPU
	EndGlobalSection
	GlobalSection(SolutionProperties) = preSolution
		HideSolutionNode = FALSE
	EndGlobalSection
EndGlobal
